{
  "name": "global-greetings-mod",
  "version": "1.1.0",
  "lockfileVersion": 1,
  "requires": true,
  "dependencies": {
    "array-random-item": {
      "version": "1.0.2",
      "resolved": "https://registry.npmjs.org/array-random-item/-/array-random-item-1.0.2.tgz",
      "integrity": "sha512-MncKw9a/JcN7y0hsmgHlKlcd1ABwOZ46/Lcm2gVoZ4/5lfvSUzbymYClqsdJISYuRBwUE9PRg3VI1SNSYUioig=="
    },
    "random-item": {
      "version": "3.1.0",
      "resolved": "https://registry.npmjs.org/random-item/-/random-item-3.1.0.tgz",
      "integrity": "sha512-0DyAT8LYBNQKSkqcPjia/HNoWCZ5JWBdAQWjBQVh5DMVv3Fv7V90I8/AuUf8NW4zdFn27i9qj8Kp6wI5JsiiOA=="
    }
  }
}
